
Microsoft Visual Studio Solution File, Format Version 12.00
# Visual Studio Version 16
VisualStudioVersion = 16.0.28922.388
MinimumVisualStudioVersion = 10.0.40219.1
Project("{FAE04EC0-301F-11D3-BF4B-00C04F79EFBC}") = "EagleEye.Core", "EagleEye.Core\EagleEye.Core.csproj", "{C0E4E202-69FF-45FE-A94E-FA28CD8025BB}"
EndProject
Project("{FAE04EC0-301F-11D3-BF4B-00C04F79EFBC}") = "EagleEye.Infrastructure", "EagleEye.Infrastructure\EagleEye.Infrastructure.csproj", "{113F7613-E880-4F70-860E-0E1577E02E9F}"
EndProject
Project("{FAE04EC0-301F-11D3-BF4B-00C04F79EFBC}") = "EagleEye.Api", "EagleEye.Api\EagleEye.Api.csproj", "{A7FF866C-18EC-4D85-AAB3-213F19B3163E}"
EndProject
Global
	GlobalSection(SolutionConfigurationPlatforms) = preSolution
		Debug|Any CPU = Debug|Any CPU
		Release|Any CPU = Release|Any CPU
	EndGlobalSection
	GlobalSection(ProjectConfigurationPlatforms) = postSolution
		{C0E4E202-69FF-45FE-A94E-FA28CD8025BB}.Debug|Any CPU.ActiveCfg = Debug|Any CPU
		{C0E4E202-69FF-45FE-A94E-FA28CD8025BB}.Debug|Any CPU.Build.0 = Debug|Any CPU
		{C0E4E202-69FF-45FE-A94E-FA28CD8025BB}.Release|Any CPU.ActiveCfg = Release|Any CPU
		{C0E4E202-69FF-45FE-A94E-FA28CD8025BB}.Release|Any CPU.Build.0 = Release|Any CPU
		{113F7613-E880-4F70-860E-0E1577E02E9F}.Debug|Any CPU.ActiveCfg = Debug|Any CPU
		{113F7613-E880-4F70-860E-0E1577E02E9F}.Debug|Any CPU.Build.0 = Debug|Any CPU
		{113F7613-E880-4F70-860E-0E1577E02E9F}.Release|Any CPU.ActiveCfg = Release|Any CPU
		{113F7613-E880-4F70-860E-0E1577E02E9F}.Release|Any CPU.Build.0 = Release|Any CPU
		{A7FF866C-18EC-4D85-AAB3-213F19B3163E}.Debug|Any CPU.ActiveCfg = Debug|Any CPU
		{A7FF866C-18EC-4D85-AAB3-213F19B3163E}.Debug|Any CPU.Build.0 = Debug|Any CPU
		{A7FF866C-18EC-4D85-AAB3-213F19B3163E}.Release|Any CPU.ActiveCfg = Release|Any CPU
		{A7FF866C-18EC-4D85-AAB3-213F19B3163E}.Release|Any CPU.Build.0 = Release|Any CPU
	EndGlobalSection
	GlobalSection(SolutionProperties) = preSolution
		HideSolutionNode = FALSE
	EndGlobalSection
	GlobalSection(ExtensibilityGlobals) = postSolution
		SolutionGuid = {680E3032-AB16-40DD-B021-B1B14FB6DF87}
	EndGlobalSection
EndGlobal
